{
  "originHash" : "45d14d80687957410e1e277a741c94ee3db531356b012895a88c64abc51c5e51",
  "pins" : [
    {
      "identity" : "pommecorewatchkit",
      "kind" : "remoteSourceControl",
      "location" : "https://github.com/mbedworth/PommeCoreWatchKit",
      "state" : {
        "revision" : "c70f92b91315c6d14ccf61ecec82f141ab5a1dbb",
        "version" : "1.3.0"
      }
    }
  ],
  "version" : 3
}
