{
  "originHash" : "45d14d80687957410e1e277a741c94ee3db531356b012895a88c64abc51c5e51",
  "pins" : [
    {
      "identity" : "pommecorewatchkit",
      "kind" : "remoteSourceControl",
      "location" : "https://github.com/mbedworth/PommeCoreWatchKit",
      "state" : {
        "revision" : "60fc3b326a6e07d31ffbad952db6943635059d76",
        "version" : "1.2.0"
      }
    }
  ],
  "version" : 3
}
